
Microsoft Visual Studio Solution File, Format Version 12.00
# Visual Studio Version 16
VisualStudioVersion = 16.0.30114.105
MinimumVisualStudioVersion = 10.0.40219.1
Project("{2150E333-8FDC-42A3-9474-1A3956D46DE8}") = "src", "src", "{FC309FA1-D540-4EF6-9888-0D32A9EAECE2}"
EndProject
Project("{FAE04EC0-301F-11D3-BF4B-00C04F79EFBC}") = "Lookup", "src\Lookup\Lookup.csproj", "{91146191-0785-4AFE-BC6F-45B98ADDC4FD}"
EndProject
Project("{FAE04EC0-301F-11D3-BF4B-00C04F79EFBC}") = "Lookup.WebApi", "src\Lookup.WebApi\Lookup.WebApi.csproj", "{7246A48A-1DEC-46ED-AF41-1BE07E7104C5}"
EndProject
Project("{FAE04EC0-301F-11D3-BF4B-00C04F79EFBC}") = "FW.Core", "..\shared\src\FW.Core\FW.Core.csproj", "{2B13073B-24D7-407F-AAB1-3D7A42E30D08}"
EndProject
Project("{FAE04EC0-301F-11D3-BF4B-00C04F79EFBC}") = "FW.Core.EventStoreDB", "..\shared\src\FW.Core.EventStoreDB\FW.Core.EventStoreDB.csproj", "{E392BB90-B470-4C72-B48F-53D8CC348206}"
EndProject
Project("{FAE04EC0-301F-11D3-BF4B-00C04F79EFBC}") = "FW.Core.Kafka", "..\shared\src\FW.Core.Kafka\FW.Core.Kafka.csproj", "{394314E0-7469-46F1-81C4-2F43435D1E39}"
EndProject
Project("{FAE04EC0-301F-11D3-BF4B-00C04F79EFBC}") = "FW.Core.WebApi", "..\shared\src\FW.Core.WebApi\FW.Core.WebApi.csproj", "{2A6F6FA9-EBB3-4761-82B2-0658C30474E9}"
EndProject
Project("{FAE04EC0-301F-11D3-BF4B-00C04F79EFBC}") = "FW.Core.MongoDB", "..\shared\src\FW.Core.MongoDB\FW.Core.MongoDB.csproj", "{AF261540-8E4C-4C51-BD81-EA11CB334193}"
EndProject
Project("{2150E333-8FDC-42A3-9474-1A3956D46DE8}") = "fw", "fw", "{4FFE4637-1619-4CC6-992E-51AD202C9056}"
EndProject
Global
	GlobalSection(SolutionConfigurationPlatforms) = preSolution
		Debug|Any CPU = Debug|Any CPU
		Release|Any CPU = Release|Any CPU
	EndGlobalSection
	GlobalSection(SolutionProperties) = preSolution
		HideSolutionNode = FALSE
	EndGlobalSection
	GlobalSection(ProjectConfigurationPlatforms) = postSolution
		{91146191-0785-4AFE-BC6F-45B98ADDC4FD}.Debug|Any CPU.ActiveCfg = Debug|Any CPU
		{91146191-0785-4AFE-BC6F-45B98ADDC4FD}.Debug|Any CPU.Build.0 = Debug|Any CPU
		{91146191-0785-4AFE-BC6F-45B98ADDC4FD}.Release|Any CPU.ActiveCfg = Release|Any CPU
		{91146191-0785-4AFE-BC6F-45B98ADDC4FD}.Release|Any CPU.Build.0 = Release|Any CPU
		{7246A48A-1DEC-46ED-AF41-1BE07E7104C5}.Debug|Any CPU.ActiveCfg = Debug|Any CPU
		{7246A48A-1DEC-46ED-AF41-1BE07E7104C5}.Debug|Any CPU.Build.0 = Debug|Any CPU
		{7246A48A-1DEC-46ED-AF41-1BE07E7104C5}.Release|Any CPU.ActiveCfg = Release|Any CPU
		{7246A48A-1DEC-46ED-AF41-1BE07E7104C5}.Release|Any CPU.Build.0 = Release|Any CPU
		{2B13073B-24D7-407F-AAB1-3D7A42E30D08}.Debug|Any CPU.ActiveCfg = Debug|Any CPU
		{2B13073B-24D7-407F-AAB1-3D7A42E30D08}.Debug|Any CPU.Build.0 = Debug|Any CPU
		{2B13073B-24D7-407F-AAB1-3D7A42E30D08}.Release|Any CPU.ActiveCfg = Release|Any CPU
		{2B13073B-24D7-407F-AAB1-3D7A42E30D08}.Release|Any CPU.Build.0 = Release|Any CPU
		{E392BB90-B470-4C72-B48F-53D8CC348206}.Debug|Any CPU.ActiveCfg = Debug|Any CPU
		{E392BB90-B470-4C72-B48F-53D8CC348206}.Debug|Any CPU.Build.0 = Debug|Any CPU
		{E392BB90-B470-4C72-B48F-53D8CC348206}.Release|Any CPU.ActiveCfg = Release|Any CPU
		{E392BB90-B470-4C72-B48F-53D8CC348206}.Release|Any CPU.Build.0 = Release|Any CPU
		{394314E0-7469-46F1-81C4-2F43435D1E39}.Debug|Any CPU.ActiveCfg = Debug|Any CPU
		{394314E0-7469-46F1-81C4-2F43435D1E39}.Debug|Any CPU.Build.0 = Debug|Any CPU
		{394314E0-7469-46F1-81C4-2F43435D1E39}.Release|Any CPU.ActiveCfg = Release|Any CPU
		{394314E0-7469-46F1-81C4-2F43435D1E39}.Release|Any CPU.Build.0 = Release|Any CPU
		{2A6F6FA9-EBB3-4761-82B2-0658C30474E9}.Debug|Any CPU.ActiveCfg = Debug|Any CPU
		{2A6F6FA9-EBB3-4761-82B2-0658C30474E9}.Debug|Any CPU.Build.0 = Debug|Any CPU
		{2A6F6FA9-EBB3-4761-82B2-0658C30474E9}.Release|Any CPU.ActiveCfg = Release|Any CPU
		{2A6F6FA9-EBB3-4761-82B2-0658C30474E9}.Release|Any CPU.Build.0 = Release|Any CPU
		{AF261540-8E4C-4C51-BD81-EA11CB334193}.Debug|Any CPU.ActiveCfg = Debug|Any CPU
		{AF261540-8E4C-4C51-BD81-EA11CB334193}.Debug|Any CPU.Build.0 = Debug|Any CPU
		{AF261540-8E4C-4C51-BD81-EA11CB334193}.Release|Any CPU.ActiveCfg = Release|Any CPU
		{AF261540-8E4C-4C51-BD81-EA11CB334193}.Release|Any CPU.Build.0 = Release|Any CPU
	EndGlobalSection
	GlobalSection(NestedProjects) = preSolution
		{91146191-0785-4AFE-BC6F-45B98ADDC4FD} = {FC309FA1-D540-4EF6-9888-0D32A9EAECE2}
		{7246A48A-1DEC-46ED-AF41-1BE07E7104C5} = {FC309FA1-D540-4EF6-9888-0D32A9EAECE2}
		{2B13073B-24D7-407F-AAB1-3D7A42E30D08} = {4FFE4637-1619-4CC6-992E-51AD202C9056}
		{E392BB90-B470-4C72-B48F-53D8CC348206} = {4FFE4637-1619-4CC6-992E-51AD202C9056}
		{394314E0-7469-46F1-81C4-2F43435D1E39} = {4FFE4637-1619-4CC6-992E-51AD202C9056}
		{AF261540-8E4C-4C51-BD81-EA11CB334193} = {4FFE4637-1619-4CC6-992E-51AD202C9056}
		{2A6F6FA9-EBB3-4761-82B2-0658C30474E9} = {4FFE4637-1619-4CC6-992E-51AD202C9056}
	EndGlobalSection
EndGlobal
