
Microsoft Visual Studio Solution File, Format Version 12.00
# Visual Studio Version 16
VisualStudioVersion = 16.0.30114.105
MinimumVisualStudioVersion = 10.0.40219.1
Project("{2150E333-8FDC-42A3-9474-1A3956D46DE8}") = "src", "src", "{1514D251-0DF0-46C5-A527-F558D554EEC4}"
EndProject
Project("{2150E333-8FDC-42A3-9474-1A3956D46DE8}") = "frameworks", "frameworks", "{C5243678-105E-4377-A6C9-7F89ECA53FA3}"
EndProject
Project("{FAE04EC0-301F-11D3-BF4B-00C04F79EFBC}") = "FW.Core", "src\frameworks\FW.Core\FW.Core.csproj", "{175703C3-8CD7-408B-AB15-5DF56BB199E6}"
EndProject
Project("{FAE04EC0-301F-11D3-BF4B-00C04F79EFBC}") = "FW.Core.EventStoreDB", "src\frameworks\FW.Core.EventStoreDB\FW.Core.EventStoreDB.csproj", "{D57B3F37-C969-46DB-B8B6-8A6C0617B048}"
EndProject
Project("{FAE04EC0-301F-11D3-BF4B-00C04F79EFBC}") = "FW.Core.Kafka", "src\frameworks\FW.Core.Kafka\FW.Core.Kafka.csproj", "{0CE4726C-DF3C-4EEC-B403-6421A0AA8EB1}"
EndProject
Project("{FAE04EC0-301F-11D3-BF4B-00C04F79EFBC}") = "FW.Core.MongoDB", "src\frameworks\FW.Core.MongoDB\FW.Core.MongoDB.csproj", "{0506D1B1-5244-4FB0-98C9-087E426B7F55}"
EndProject
Project("{FAE04EC0-301F-11D3-BF4B-00C04F79EFBC}") = "FW.Core.Validation", "src\frameworks\FW.Core.Validation\FW.Core.Validation.csproj", "{AE9E13A0-CAA7-4243-A979-424CFCA946C6}"
EndProject
Project("{FAE04EC0-301F-11D3-BF4B-00C04F79EFBC}") = "FW.Core.WebApi", "src\frameworks\FW.Core.WebApi\FW.Core.WebApi.csproj", "{46311721-78EA-455C-8F44-DC5CAD8E23EC}"
EndProject
Project("{2150E333-8FDC-42A3-9474-1A3956D46DE8}") = "services", "services", "{F1CDFDE3-9D5F-406B-9739-FF3623D89645}"
EndProject
Project("{2150E333-8FDC-42A3-9474-1A3956D46DE8}") = "lookup", "lookup", "{241E9D00-4EBD-4FBA-925C-B1EBED4E8DBF}"
EndProject
Project("{FAE04EC0-301F-11D3-BF4B-00C04F79EFBC}") = "Lookup", "src\services\lookup\Lookup\Lookup.csproj", "{2584AE13-13AA-47ED-974A-CD9E21F5FC8E}"
EndProject
Project("{FAE04EC0-301F-11D3-BF4B-00C04F79EFBC}") = "Lookup.WebApi", "src\services\lookup\Lookup.WebApi\Lookup.WebApi.csproj", "{461EA0F3-5C35-4B6C-B8ED-97648AB03D64}"
EndProject
Project("{2150E333-8FDC-42A3-9474-1A3956D46DE8}") = "store", "store", "{713DC694-80AB-4EB8-822D-87D64E7E86EA}"
EndProject
Project("{FAE04EC0-301F-11D3-BF4B-00C04F79EFBC}") = "Store", "src\services\store\Store\Store.csproj", "{C9C16448-3C3F-4F23-8652-4EA458D88D97}"
EndProject
Project("{FAE04EC0-301F-11D3-BF4B-00C04F79EFBC}") = "Store.WebApi", "src\services\store\Store.WebApi\Store.WebApi.csproj", "{A30659F7-F73E-4F0B-9D75-DFBBC5CDC085}"
EndProject
Project("{2150E333-8FDC-42A3-9474-1A3956D46DE8}") = "validator", "validator", "{B9F0CE16-F968-44AE-922C-F1FB31F7010A}"
EndProject
Project("{FAE04EC0-301F-11D3-BF4B-00C04F79EFBC}") = "Validator", "src\services\validator\Validator\Validator.csproj", "{E9902BC3-9DA3-4FEB-84C1-9241C7FE34E0}"
EndProject
Project("{FAE04EC0-301F-11D3-BF4B-00C04F79EFBC}") = "Validator.Worker", "src\services\validator\Validator.Worker\Validator.Worker.csproj", "{DC7CA159-BC85-46DA-AC64-E84BA9CDDD88}"
EndProject
Global
	GlobalSection(SolutionConfigurationPlatforms) = preSolution
		Debug|Any CPU = Debug|Any CPU
		Release|Any CPU = Release|Any CPU
	EndGlobalSection
	GlobalSection(SolutionProperties) = preSolution
		HideSolutionNode = FALSE
	EndGlobalSection
	GlobalSection(ProjectConfigurationPlatforms) = postSolution
		{175703C3-8CD7-408B-AB15-5DF56BB199E6}.Debug|Any CPU.ActiveCfg = Debug|Any CPU
		{175703C3-8CD7-408B-AB15-5DF56BB199E6}.Debug|Any CPU.Build.0 = Debug|Any CPU
		{175703C3-8CD7-408B-AB15-5DF56BB199E6}.Release|Any CPU.ActiveCfg = Release|Any CPU
		{175703C3-8CD7-408B-AB15-5DF56BB199E6}.Release|Any CPU.Build.0 = Release|Any CPU
		{D57B3F37-C969-46DB-B8B6-8A6C0617B048}.Debug|Any CPU.ActiveCfg = Debug|Any CPU
		{D57B3F37-C969-46DB-B8B6-8A6C0617B048}.Debug|Any CPU.Build.0 = Debug|Any CPU
		{D57B3F37-C969-46DB-B8B6-8A6C0617B048}.Release|Any CPU.ActiveCfg = Release|Any CPU
		{D57B3F37-C969-46DB-B8B6-8A6C0617B048}.Release|Any CPU.Build.0 = Release|Any CPU
		{0CE4726C-DF3C-4EEC-B403-6421A0AA8EB1}.Debug|Any CPU.ActiveCfg = Debug|Any CPU
		{0CE4726C-DF3C-4EEC-B403-6421A0AA8EB1}.Debug|Any CPU.Build.0 = Debug|Any CPU
		{0CE4726C-DF3C-4EEC-B403-6421A0AA8EB1}.Release|Any CPU.ActiveCfg = Release|Any CPU
		{0CE4726C-DF3C-4EEC-B403-6421A0AA8EB1}.Release|Any CPU.Build.0 = Release|Any CPU
		{0506D1B1-5244-4FB0-98C9-087E426B7F55}.Debug|Any CPU.ActiveCfg = Debug|Any CPU
		{0506D1B1-5244-4FB0-98C9-087E426B7F55}.Debug|Any CPU.Build.0 = Debug|Any CPU
		{0506D1B1-5244-4FB0-98C9-087E426B7F55}.Release|Any CPU.ActiveCfg = Release|Any CPU
		{0506D1B1-5244-4FB0-98C9-087E426B7F55}.Release|Any CPU.Build.0 = Release|Any CPU
		{AE9E13A0-CAA7-4243-A979-424CFCA946C6}.Debug|Any CPU.ActiveCfg = Debug|Any CPU
		{AE9E13A0-CAA7-4243-A979-424CFCA946C6}.Debug|Any CPU.Build.0 = Debug|Any CPU
		{AE9E13A0-CAA7-4243-A979-424CFCA946C6}.Release|Any CPU.ActiveCfg = Release|Any CPU
		{AE9E13A0-CAA7-4243-A979-424CFCA946C6}.Release|Any CPU.Build.0 = Release|Any CPU
		{46311721-78EA-455C-8F44-DC5CAD8E23EC}.Debug|Any CPU.ActiveCfg = Debug|Any CPU
		{46311721-78EA-455C-8F44-DC5CAD8E23EC}.Debug|Any CPU.Build.0 = Debug|Any CPU
		{46311721-78EA-455C-8F44-DC5CAD8E23EC}.Release|Any CPU.ActiveCfg = Release|Any CPU
		{46311721-78EA-455C-8F44-DC5CAD8E23EC}.Release|Any CPU.Build.0 = Release|Any CPU
		{2584AE13-13AA-47ED-974A-CD9E21F5FC8E}.Debug|Any CPU.ActiveCfg = Debug|Any CPU
		{2584AE13-13AA-47ED-974A-CD9E21F5FC8E}.Debug|Any CPU.Build.0 = Debug|Any CPU
		{2584AE13-13AA-47ED-974A-CD9E21F5FC8E}.Release|Any CPU.ActiveCfg = Release|Any CPU
		{2584AE13-13AA-47ED-974A-CD9E21F5FC8E}.Release|Any CPU.Build.0 = Release|Any CPU
		{461EA0F3-5C35-4B6C-B8ED-97648AB03D64}.Debug|Any CPU.ActiveCfg = Debug|Any CPU
		{461EA0F3-5C35-4B6C-B8ED-97648AB03D64}.Debug|Any CPU.Build.0 = Debug|Any CPU
		{461EA0F3-5C35-4B6C-B8ED-97648AB03D64}.Release|Any CPU.ActiveCfg = Release|Any CPU
		{461EA0F3-5C35-4B6C-B8ED-97648AB03D64}.Release|Any CPU.Build.0 = Release|Any CPU
		{C9C16448-3C3F-4F23-8652-4EA458D88D97}.Debug|Any CPU.ActiveCfg = Debug|Any CPU
		{C9C16448-3C3F-4F23-8652-4EA458D88D97}.Debug|Any CPU.Build.0 = Debug|Any CPU
		{C9C16448-3C3F-4F23-8652-4EA458D88D97}.Release|Any CPU.ActiveCfg = Release|Any CPU
		{C9C16448-3C3F-4F23-8652-4EA458D88D97}.Release|Any CPU.Build.0 = Release|Any CPU
		{A30659F7-F73E-4F0B-9D75-DFBBC5CDC085}.Debug|Any CPU.ActiveCfg = Debug|Any CPU
		{A30659F7-F73E-4F0B-9D75-DFBBC5CDC085}.Debug|Any CPU.Build.0 = Debug|Any CPU
		{A30659F7-F73E-4F0B-9D75-DFBBC5CDC085}.Release|Any CPU.ActiveCfg = Release|Any CPU
		{A30659F7-F73E-4F0B-9D75-DFBBC5CDC085}.Release|Any CPU.Build.0 = Release|Any CPU
		{E9902BC3-9DA3-4FEB-84C1-9241C7FE34E0}.Debug|Any CPU.ActiveCfg = Debug|Any CPU
		{E9902BC3-9DA3-4FEB-84C1-9241C7FE34E0}.Debug|Any CPU.Build.0 = Debug|Any CPU
		{E9902BC3-9DA3-4FEB-84C1-9241C7FE34E0}.Release|Any CPU.ActiveCfg = Release|Any CPU
		{E9902BC3-9DA3-4FEB-84C1-9241C7FE34E0}.Release|Any CPU.Build.0 = Release|Any CPU
		{DC7CA159-BC85-46DA-AC64-E84BA9CDDD88}.Debug|Any CPU.ActiveCfg = Debug|Any CPU
		{DC7CA159-BC85-46DA-AC64-E84BA9CDDD88}.Debug|Any CPU.Build.0 = Debug|Any CPU
		{DC7CA159-BC85-46DA-AC64-E84BA9CDDD88}.Release|Any CPU.ActiveCfg = Release|Any CPU
		{DC7CA159-BC85-46DA-AC64-E84BA9CDDD88}.Release|Any CPU.Build.0 = Release|Any CPU
	EndGlobalSection
	GlobalSection(NestedProjects) = preSolution
		{C5243678-105E-4377-A6C9-7F89ECA53FA3} = {1514D251-0DF0-46C5-A527-F558D554EEC4}
		{175703C3-8CD7-408B-AB15-5DF56BB199E6} = {C5243678-105E-4377-A6C9-7F89ECA53FA3}
		{D57B3F37-C969-46DB-B8B6-8A6C0617B048} = {C5243678-105E-4377-A6C9-7F89ECA53FA3}
		{0CE4726C-DF3C-4EEC-B403-6421A0AA8EB1} = {C5243678-105E-4377-A6C9-7F89ECA53FA3}
		{0506D1B1-5244-4FB0-98C9-087E426B7F55} = {C5243678-105E-4377-A6C9-7F89ECA53FA3}
		{AE9E13A0-CAA7-4243-A979-424CFCA946C6} = {C5243678-105E-4377-A6C9-7F89ECA53FA3}
		{46311721-78EA-455C-8F44-DC5CAD8E23EC} = {C5243678-105E-4377-A6C9-7F89ECA53FA3}
		{F1CDFDE3-9D5F-406B-9739-FF3623D89645} = {1514D251-0DF0-46C5-A527-F558D554EEC4}
		{241E9D00-4EBD-4FBA-925C-B1EBED4E8DBF} = {F1CDFDE3-9D5F-406B-9739-FF3623D89645}
		{2584AE13-13AA-47ED-974A-CD9E21F5FC8E} = {241E9D00-4EBD-4FBA-925C-B1EBED4E8DBF}
		{461EA0F3-5C35-4B6C-B8ED-97648AB03D64} = {241E9D00-4EBD-4FBA-925C-B1EBED4E8DBF}
		{713DC694-80AB-4EB8-822D-87D64E7E86EA} = {F1CDFDE3-9D5F-406B-9739-FF3623D89645}
		{C9C16448-3C3F-4F23-8652-4EA458D88D97} = {713DC694-80AB-4EB8-822D-87D64E7E86EA}
		{A30659F7-F73E-4F0B-9D75-DFBBC5CDC085} = {713DC694-80AB-4EB8-822D-87D64E7E86EA}
		{B9F0CE16-F968-44AE-922C-F1FB31F7010A} = {F1CDFDE3-9D5F-406B-9739-FF3623D89645}
		{E9902BC3-9DA3-4FEB-84C1-9241C7FE34E0} = {B9F0CE16-F968-44AE-922C-F1FB31F7010A}
		{DC7CA159-BC85-46DA-AC64-E84BA9CDDD88} = {B9F0CE16-F968-44AE-922C-F1FB31F7010A}
	EndGlobalSection
EndGlobal
