
Microsoft Visual Studio Solution File, Format Version 12.00
# Visual Studio Version 16
VisualStudioVersion = 16.0.30114.105
MinimumVisualStudioVersion = 10.0.40219.1
Project("{2150E333-8FDC-42A3-9474-1A3956D46DE8}") = "src", "src", "{1514D251-0DF0-46C5-A527-F558D554EEC4}"
EndProject
Project("{2150E333-8FDC-42A3-9474-1A3956D46DE8}") = "frameworks", "frameworks", "{C5243678-105E-4377-A6C9-7F89ECA53FA3}"
EndProject
Project("{FAE04EC0-301F-11D3-BF4B-00C04F79EFBC}") = "FW.Core", "src\frameworks\FW.Core\FW.Core.csproj", "{175703C3-8CD7-408B-AB15-5DF56BB199E6}"
EndProject
Project("{FAE04EC0-301F-11D3-BF4B-00C04F79EFBC}") = "FW.Core.EventStoreDB", "src\frameworks\FW.Core.EventStoreDB\FW.Core.EventStoreDB.csproj", "{D57B3F37-C969-46DB-B8B6-8A6C0617B048}"
EndProject
Project("{FAE04EC0-301F-11D3-BF4B-00C04F79EFBC}") = "FW.Core.Kafka", "src\frameworks\FW.Core.Kafka\FW.Core.Kafka.csproj", "{0CE4726C-DF3C-4EEC-B403-6421A0AA8EB1}"
EndProject
Project("{FAE04EC0-301F-11D3-BF4B-00C04F79EFBC}") = "FW.Core.MongoDB", "src\frameworks\FW.Core.MongoDB\FW.Core.MongoDB.csproj", "{0506D1B1-5244-4FB0-98C9-087E426B7F55}"
EndProject
Project("{FAE04EC0-301F-11D3-BF4B-00C04F79EFBC}") = "FW.Core.Validation", "src\frameworks\FW.Core.Validation\FW.Core.Validation.csproj", "{AE9E13A0-CAA7-4243-A979-424CFCA946C6}"
EndProject
Project("{FAE04EC0-301F-11D3-BF4B-00C04F79EFBC}") = "FW.Core.WebApi", "src\frameworks\FW.Core.WebApi\FW.Core.WebApi.csproj", "{46311721-78EA-455C-8F44-DC5CAD8E23EC}"
EndProject
Project("{2150E333-8FDC-42A3-9474-1A3956D46DE8}") = "services", "services", "{F1CDFDE3-9D5F-406B-9739-FF3623D89645}"
EndProject
Project("{2150E333-8FDC-42A3-9474-1A3956D46DE8}") = "lookup", "lookup", "{241E9D00-4EBD-4FBA-925C-B1EBED4E8DBF}"
EndProject
Project("{FAE04EC0-301F-11D3-BF4B-00C04F79EFBC}") = "Lookup", "src\services\lookup\Lookup\Lookup.csproj", "{2584AE13-13AA-47ED-974A-CD9E21F5FC8E}"
EndProject
Project("{FAE04EC0-301F-11D3-BF4B-00C04F79EFBC}") = "Lookup.WebApi", "src\services\lookup\Lookup.WebApi\Lookup.WebApi.csproj", "{461EA0F3-5C35-4B6C-B8ED-97648AB03D64}"
EndProject
Project("{2150E333-8FDC-42A3-9474-1A3956D46DE8}") = "store", "store", "{713DC694-80AB-4EB8-822D-87D64E7E86EA}"
EndProject
Project("{FAE04EC0-301F-11D3-BF4B-00C04F79EFBC}") = "Store", "src\services\store\Store\Store.csproj", "{C9C16448-3C3F-4F23-8652-4EA458D88D97}"
EndProject
Project("{FAE04EC0-301F-11D3-BF4B-00C04F79EFBC}") = "Store.WebApi", "src\services\store\Store.WebApi\Store.WebApi.csproj", "{A30659F7-F73E-4F0B-9D75-DFBBC5CDC085}"
EndProject
Project("{2150E333-8FDC-42A3-9474-1A3956D46DE8}") = "cart", "cart", "{5EC8FAE1-84F7-4041-AB6E-D05E427A24D7}"
EndProject
Project("{FAE04EC0-301F-11D3-BF4B-00C04F79EFBC}") = "Cart", "src\services\cart\Cart\Cart.csproj", "{143D8D13-3D05-4BAC-8CD5-78C04011E3F7}"
EndProject
Project("{FAE04EC0-301F-11D3-BF4B-00C04F79EFBC}") = "Cart.WebApi", "src\services\cart\Cart.WebApi\Cart.WebApi.csproj", "{64969B4A-53AB-4847-8BBE-5E98043F7796}"
EndProject
Project("{2150E333-8FDC-42A3-9474-1A3956D46DE8}") = "order", "order", "{2D070235-D45B-4BA2-B087-FFBF3EDBC352}"
EndProject
Project("{FAE04EC0-301F-11D3-BF4B-00C04F79EFBC}") = "Order", "src\services\order\Order\Order.csproj", "{60047868-A485-411E-832F-1D9B2B902873}"
EndProject
Project("{FAE04EC0-301F-11D3-BF4B-00C04F79EFBC}") = "Order.WebApi", "src\services\order\Order.WebApi\Order.WebApi.csproj", "{19CF37E8-2889-434D-A7CE-4E33CE752A6F}"
EndProject
Project("{2150E333-8FDC-42A3-9474-1A3956D46DE8}") = "payment", "payment", "{B40EBAFD-9D3A-4E6F-9BFB-BFC8B7F7B205}"
EndProject
Project("{FAE04EC0-301F-11D3-BF4B-00C04F79EFBC}") = "Payment", "src\services\payment\Payment\Payment.csproj", "{09442F07-0F0B-469C-AD8B-3DEAEE982AD4}"
EndProject
Project("{FAE04EC0-301F-11D3-BF4B-00C04F79EFBC}") = "Payment.WebApi", "src\services\payment\Payment.WebApi\Payment.WebApi.csproj", "{1D64AB87-6CFA-4E6C-81CA-D987DB88ADCB}"
EndProject
Project("{2150E333-8FDC-42A3-9474-1A3956D46DE8}") = "shipment", "shipment", "{3B22BA9B-CF3F-4BD7-9EB1-3FE2D82664CC}"
EndProject
Project("{FAE04EC0-301F-11D3-BF4B-00C04F79EFBC}") = "Shipment", "src\services\shipment\Shipment\Shipment.csproj", "{B591A886-3733-4F21-ABBE-662B72F40847}"
EndProject
Project("{FAE04EC0-301F-11D3-BF4B-00C04F79EFBC}") = "Shipment.WebApi", "src\services\shipment\Shipment.WebApi\Shipment.WebApi.csproj", "{C053C78C-3C3B-40B1-9DA0-E48656C6D6C1}"
EndProject
Project("{FAE04EC0-301F-11D3-BF4B-00C04F79EFBC}") = "FW.Core.ElasticSearch", "src\frameworks\FW.Core.ElasticSearch\FW.Core.ElasticSearch.csproj", "{D0585740-14AC-4922-9C57-A99C9B19836A}"
EndProject
Project("{2150E333-8FDC-42A3-9474-1A3956D46DE8}") = "search", "search", "{AD555A41-51CB-4737-9085-207A749963F8}"
EndProject
Project("{FAE04EC0-301F-11D3-BF4B-00C04F79EFBC}") = "Search", "src\services\search\Search\Search.csproj", "{73A3EEC1-BD5A-4640-8058-AC0BDFA80880}"
EndProject
Project("{FAE04EC0-301F-11D3-BF4B-00C04F79EFBC}") = "Search.WebApi", "src\services\search\Search.WebApi\Search.WebApi.csproj", "{7305AFE8-51FA-4278-9F60-9CC4B0EB1799}"
EndProject
Project("{2150E333-8FDC-42A3-9474-1A3956D46DE8}") = "gateway", "gateway", "{E6DF9FE1-ECC2-43F9-ADBB-F8AEF27EEBCC}"
EndProject
Project("{FAE04EC0-301F-11D3-BF4B-00C04F79EFBC}") = "Gateway.WebApi", "src\gateway\Gateway.WebApi\Gateway.WebApi.csproj", "{36649D1A-CB6A-4E5B-AB9E-864C9CC609DA}"
EndProject
Project("{FAE04EC0-301F-11D3-BF4B-00C04F79EFBC}") = "FW.Core.Consul", "src\frameworks\FW.Core.Consul\FW.Core.Consul.csproj", "{AA5C050C-14E2-4A45-933C-7A51E12DD721}"
EndProject
Project("{FAE04EC0-301F-11D3-BF4B-00C04F79EFBC}") = "FW.Core.Testing", "src\frameworks\FW.Core.Testing\FW.Core.Testing.csproj", "{084D2CF6-9771-4042-AF32-FC5D5DF8674C}"
EndProject
Project("{FAE04EC0-301F-11D3-BF4B-00C04F79EFBC}") = "Cart.Tests", "src\services\cart\Cart.Tests\Cart.Tests.csproj", "{36D8183A-0B56-464D-8168-B3477EE5B5DE}"
EndProject
Project("{FAE04EC0-301F-11D3-BF4B-00C04F79EFBC}") = "Carts.WebApi.Tests", "src\services\cart\Cart.WebApi.Tests\Carts.WebApi.Tests.csproj", "{4827EEA1-2D6E-4ACA-A8C9-E5021F572788}"
EndProject
Global
	GlobalSection(SolutionConfigurationPlatforms) = preSolution
		Debug|Any CPU = Debug|Any CPU
		Release|Any CPU = Release|Any CPU
	EndGlobalSection
	GlobalSection(SolutionProperties) = preSolution
		HideSolutionNode = FALSE
	EndGlobalSection
	GlobalSection(ProjectConfigurationPlatforms) = postSolution
		{175703C3-8CD7-408B-AB15-5DF56BB199E6}.Debug|Any CPU.ActiveCfg = Debug|Any CPU
		{175703C3-8CD7-408B-AB15-5DF56BB199E6}.Debug|Any CPU.Build.0 = Debug|Any CPU
		{175703C3-8CD7-408B-AB15-5DF56BB199E6}.Release|Any CPU.ActiveCfg = Release|Any CPU
		{175703C3-8CD7-408B-AB15-5DF56BB199E6}.Release|Any CPU.Build.0 = Release|Any CPU
		{D57B3F37-C969-46DB-B8B6-8A6C0617B048}.Debug|Any CPU.ActiveCfg = Debug|Any CPU
		{D57B3F37-C969-46DB-B8B6-8A6C0617B048}.Debug|Any CPU.Build.0 = Debug|Any CPU
		{D57B3F37-C969-46DB-B8B6-8A6C0617B048}.Release|Any CPU.ActiveCfg = Release|Any CPU
		{D57B3F37-C969-46DB-B8B6-8A6C0617B048}.Release|Any CPU.Build.0 = Release|Any CPU
		{0CE4726C-DF3C-4EEC-B403-6421A0AA8EB1}.Debug|Any CPU.ActiveCfg = Debug|Any CPU
		{0CE4726C-DF3C-4EEC-B403-6421A0AA8EB1}.Debug|Any CPU.Build.0 = Debug|Any CPU
		{0CE4726C-DF3C-4EEC-B403-6421A0AA8EB1}.Release|Any CPU.ActiveCfg = Release|Any CPU
		{0CE4726C-DF3C-4EEC-B403-6421A0AA8EB1}.Release|Any CPU.Build.0 = Release|Any CPU
		{0506D1B1-5244-4FB0-98C9-087E426B7F55}.Debug|Any CPU.ActiveCfg = Debug|Any CPU
		{0506D1B1-5244-4FB0-98C9-087E426B7F55}.Debug|Any CPU.Build.0 = Debug|Any CPU
		{0506D1B1-5244-4FB0-98C9-087E426B7F55}.Release|Any CPU.ActiveCfg = Release|Any CPU
		{0506D1B1-5244-4FB0-98C9-087E426B7F55}.Release|Any CPU.Build.0 = Release|Any CPU
		{AE9E13A0-CAA7-4243-A979-424CFCA946C6}.Debug|Any CPU.ActiveCfg = Debug|Any CPU
		{AE9E13A0-CAA7-4243-A979-424CFCA946C6}.Debug|Any CPU.Build.0 = Debug|Any CPU
		{AE9E13A0-CAA7-4243-A979-424CFCA946C6}.Release|Any CPU.ActiveCfg = Release|Any CPU
		{AE9E13A0-CAA7-4243-A979-424CFCA946C6}.Release|Any CPU.Build.0 = Release|Any CPU
		{46311721-78EA-455C-8F44-DC5CAD8E23EC}.Debug|Any CPU.ActiveCfg = Debug|Any CPU
		{46311721-78EA-455C-8F44-DC5CAD8E23EC}.Debug|Any CPU.Build.0 = Debug|Any CPU
		{46311721-78EA-455C-8F44-DC5CAD8E23EC}.Release|Any CPU.ActiveCfg = Release|Any CPU
		{46311721-78EA-455C-8F44-DC5CAD8E23EC}.Release|Any CPU.Build.0 = Release|Any CPU
		{2584AE13-13AA-47ED-974A-CD9E21F5FC8E}.Debug|Any CPU.ActiveCfg = Debug|Any CPU
		{2584AE13-13AA-47ED-974A-CD9E21F5FC8E}.Debug|Any CPU.Build.0 = Debug|Any CPU
		{2584AE13-13AA-47ED-974A-CD9E21F5FC8E}.Release|Any CPU.ActiveCfg = Release|Any CPU
		{2584AE13-13AA-47ED-974A-CD9E21F5FC8E}.Release|Any CPU.Build.0 = Release|Any CPU
		{461EA0F3-5C35-4B6C-B8ED-97648AB03D64}.Debug|Any CPU.ActiveCfg = Debug|Any CPU
		{461EA0F3-5C35-4B6C-B8ED-97648AB03D64}.Debug|Any CPU.Build.0 = Debug|Any CPU
		{461EA0F3-5C35-4B6C-B8ED-97648AB03D64}.Release|Any CPU.ActiveCfg = Release|Any CPU
		{461EA0F3-5C35-4B6C-B8ED-97648AB03D64}.Release|Any CPU.Build.0 = Release|Any CPU
		{C9C16448-3C3F-4F23-8652-4EA458D88D97}.Debug|Any CPU.ActiveCfg = Debug|Any CPU
		{C9C16448-3C3F-4F23-8652-4EA458D88D97}.Debug|Any CPU.Build.0 = Debug|Any CPU
		{C9C16448-3C3F-4F23-8652-4EA458D88D97}.Release|Any CPU.ActiveCfg = Release|Any CPU
		{C9C16448-3C3F-4F23-8652-4EA458D88D97}.Release|Any CPU.Build.0 = Release|Any CPU
		{A30659F7-F73E-4F0B-9D75-DFBBC5CDC085}.Debug|Any CPU.ActiveCfg = Debug|Any CPU
		{A30659F7-F73E-4F0B-9D75-DFBBC5CDC085}.Debug|Any CPU.Build.0 = Debug|Any CPU
		{A30659F7-F73E-4F0B-9D75-DFBBC5CDC085}.Release|Any CPU.ActiveCfg = Release|Any CPU
		{A30659F7-F73E-4F0B-9D75-DFBBC5CDC085}.Release|Any CPU.Build.0 = Release|Any CPU
		{143D8D13-3D05-4BAC-8CD5-78C04011E3F7}.Debug|Any CPU.ActiveCfg = Debug|Any CPU
		{143D8D13-3D05-4BAC-8CD5-78C04011E3F7}.Debug|Any CPU.Build.0 = Debug|Any CPU
		{143D8D13-3D05-4BAC-8CD5-78C04011E3F7}.Release|Any CPU.ActiveCfg = Release|Any CPU
		{143D8D13-3D05-4BAC-8CD5-78C04011E3F7}.Release|Any CPU.Build.0 = Release|Any CPU
		{64969B4A-53AB-4847-8BBE-5E98043F7796}.Debug|Any CPU.ActiveCfg = Debug|Any CPU
		{64969B4A-53AB-4847-8BBE-5E98043F7796}.Debug|Any CPU.Build.0 = Debug|Any CPU
		{64969B4A-53AB-4847-8BBE-5E98043F7796}.Release|Any CPU.ActiveCfg = Release|Any CPU
		{64969B4A-53AB-4847-8BBE-5E98043F7796}.Release|Any CPU.Build.0 = Release|Any CPU
		{60047868-A485-411E-832F-1D9B2B902873}.Debug|Any CPU.ActiveCfg = Debug|Any CPU
		{60047868-A485-411E-832F-1D9B2B902873}.Debug|Any CPU.Build.0 = Debug|Any CPU
		{60047868-A485-411E-832F-1D9B2B902873}.Release|Any CPU.ActiveCfg = Release|Any CPU
		{60047868-A485-411E-832F-1D9B2B902873}.Release|Any CPU.Build.0 = Release|Any CPU
		{19CF37E8-2889-434D-A7CE-4E33CE752A6F}.Debug|Any CPU.ActiveCfg = Debug|Any CPU
		{19CF37E8-2889-434D-A7CE-4E33CE752A6F}.Debug|Any CPU.Build.0 = Debug|Any CPU
		{19CF37E8-2889-434D-A7CE-4E33CE752A6F}.Release|Any CPU.ActiveCfg = Release|Any CPU
		{19CF37E8-2889-434D-A7CE-4E33CE752A6F}.Release|Any CPU.Build.0 = Release|Any CPU
		{09442F07-0F0B-469C-AD8B-3DEAEE982AD4}.Debug|Any CPU.ActiveCfg = Debug|Any CPU
		{09442F07-0F0B-469C-AD8B-3DEAEE982AD4}.Debug|Any CPU.Build.0 = Debug|Any CPU
		{09442F07-0F0B-469C-AD8B-3DEAEE982AD4}.Release|Any CPU.ActiveCfg = Release|Any CPU
		{09442F07-0F0B-469C-AD8B-3DEAEE982AD4}.Release|Any CPU.Build.0 = Release|Any CPU
		{1D64AB87-6CFA-4E6C-81CA-D987DB88ADCB}.Debug|Any CPU.ActiveCfg = Debug|Any CPU
		{1D64AB87-6CFA-4E6C-81CA-D987DB88ADCB}.Debug|Any CPU.Build.0 = Debug|Any CPU
		{1D64AB87-6CFA-4E6C-81CA-D987DB88ADCB}.Release|Any CPU.ActiveCfg = Release|Any CPU
		{1D64AB87-6CFA-4E6C-81CA-D987DB88ADCB}.Release|Any CPU.Build.0 = Release|Any CPU
		{B591A886-3733-4F21-ABBE-662B72F40847}.Debug|Any CPU.ActiveCfg = Debug|Any CPU
		{B591A886-3733-4F21-ABBE-662B72F40847}.Debug|Any CPU.Build.0 = Debug|Any CPU
		{B591A886-3733-4F21-ABBE-662B72F40847}.Release|Any CPU.ActiveCfg = Release|Any CPU
		{B591A886-3733-4F21-ABBE-662B72F40847}.Release|Any CPU.Build.0 = Release|Any CPU
		{C053C78C-3C3B-40B1-9DA0-E48656C6D6C1}.Debug|Any CPU.ActiveCfg = Debug|Any CPU
		{C053C78C-3C3B-40B1-9DA0-E48656C6D6C1}.Debug|Any CPU.Build.0 = Debug|Any CPU
		{C053C78C-3C3B-40B1-9DA0-E48656C6D6C1}.Release|Any CPU.ActiveCfg = Release|Any CPU
		{C053C78C-3C3B-40B1-9DA0-E48656C6D6C1}.Release|Any CPU.Build.0 = Release|Any CPU
		{D0585740-14AC-4922-9C57-A99C9B19836A}.Debug|Any CPU.ActiveCfg = Debug|Any CPU
		{D0585740-14AC-4922-9C57-A99C9B19836A}.Debug|Any CPU.Build.0 = Debug|Any CPU
		{D0585740-14AC-4922-9C57-A99C9B19836A}.Release|Any CPU.ActiveCfg = Release|Any CPU
		{D0585740-14AC-4922-9C57-A99C9B19836A}.Release|Any CPU.Build.0 = Release|Any CPU
		{73A3EEC1-BD5A-4640-8058-AC0BDFA80880}.Debug|Any CPU.ActiveCfg = Debug|Any CPU
		{73A3EEC1-BD5A-4640-8058-AC0BDFA80880}.Debug|Any CPU.Build.0 = Debug|Any CPU
		{73A3EEC1-BD5A-4640-8058-AC0BDFA80880}.Release|Any CPU.ActiveCfg = Release|Any CPU
		{73A3EEC1-BD5A-4640-8058-AC0BDFA80880}.Release|Any CPU.Build.0 = Release|Any CPU
		{7305AFE8-51FA-4278-9F60-9CC4B0EB1799}.Debug|Any CPU.ActiveCfg = Debug|Any CPU
		{7305AFE8-51FA-4278-9F60-9CC4B0EB1799}.Debug|Any CPU.Build.0 = Debug|Any CPU
		{7305AFE8-51FA-4278-9F60-9CC4B0EB1799}.Release|Any CPU.ActiveCfg = Release|Any CPU
		{7305AFE8-51FA-4278-9F60-9CC4B0EB1799}.Release|Any CPU.Build.0 = Release|Any CPU
		{36649D1A-CB6A-4E5B-AB9E-864C9CC609DA}.Debug|Any CPU.ActiveCfg = Debug|Any CPU
		{36649D1A-CB6A-4E5B-AB9E-864C9CC609DA}.Debug|Any CPU.Build.0 = Debug|Any CPU
		{36649D1A-CB6A-4E5B-AB9E-864C9CC609DA}.Release|Any CPU.ActiveCfg = Release|Any CPU
		{36649D1A-CB6A-4E5B-AB9E-864C9CC609DA}.Release|Any CPU.Build.0 = Release|Any CPU
		{AA5C050C-14E2-4A45-933C-7A51E12DD721}.Debug|Any CPU.ActiveCfg = Debug|Any CPU
		{AA5C050C-14E2-4A45-933C-7A51E12DD721}.Debug|Any CPU.Build.0 = Debug|Any CPU
		{AA5C050C-14E2-4A45-933C-7A51E12DD721}.Release|Any CPU.ActiveCfg = Release|Any CPU
		{AA5C050C-14E2-4A45-933C-7A51E12DD721}.Release|Any CPU.Build.0 = Release|Any CPU
		{084D2CF6-9771-4042-AF32-FC5D5DF8674C}.Debug|Any CPU.ActiveCfg = Debug|Any CPU
		{084D2CF6-9771-4042-AF32-FC5D5DF8674C}.Debug|Any CPU.Build.0 = Debug|Any CPU
		{084D2CF6-9771-4042-AF32-FC5D5DF8674C}.Release|Any CPU.ActiveCfg = Release|Any CPU
		{084D2CF6-9771-4042-AF32-FC5D5DF8674C}.Release|Any CPU.Build.0 = Release|Any CPU
		{36D8183A-0B56-464D-8168-B3477EE5B5DE}.Debug|Any CPU.ActiveCfg = Debug|Any CPU
		{36D8183A-0B56-464D-8168-B3477EE5B5DE}.Debug|Any CPU.Build.0 = Debug|Any CPU
		{36D8183A-0B56-464D-8168-B3477EE5B5DE}.Release|Any CPU.ActiveCfg = Release|Any CPU
		{36D8183A-0B56-464D-8168-B3477EE5B5DE}.Release|Any CPU.Build.0 = Release|Any CPU
		{4827EEA1-2D6E-4ACA-A8C9-E5021F572788}.Debug|Any CPU.ActiveCfg = Debug|Any CPU
		{4827EEA1-2D6E-4ACA-A8C9-E5021F572788}.Debug|Any CPU.Build.0 = Debug|Any CPU
		{4827EEA1-2D6E-4ACA-A8C9-E5021F572788}.Release|Any CPU.ActiveCfg = Release|Any CPU
		{4827EEA1-2D6E-4ACA-A8C9-E5021F572788}.Release|Any CPU.Build.0 = Release|Any CPU
	EndGlobalSection
	GlobalSection(NestedProjects) = preSolution
		{C5243678-105E-4377-A6C9-7F89ECA53FA3} = {1514D251-0DF0-46C5-A527-F558D554EEC4}
		{175703C3-8CD7-408B-AB15-5DF56BB199E6} = {C5243678-105E-4377-A6C9-7F89ECA53FA3}
		{D57B3F37-C969-46DB-B8B6-8A6C0617B048} = {C5243678-105E-4377-A6C9-7F89ECA53FA3}
		{0CE4726C-DF3C-4EEC-B403-6421A0AA8EB1} = {C5243678-105E-4377-A6C9-7F89ECA53FA3}
		{0506D1B1-5244-4FB0-98C9-087E426B7F55} = {C5243678-105E-4377-A6C9-7F89ECA53FA3}
		{AE9E13A0-CAA7-4243-A979-424CFCA946C6} = {C5243678-105E-4377-A6C9-7F89ECA53FA3}
		{46311721-78EA-455C-8F44-DC5CAD8E23EC} = {C5243678-105E-4377-A6C9-7F89ECA53FA3}
		{F1CDFDE3-9D5F-406B-9739-FF3623D89645} = {1514D251-0DF0-46C5-A527-F558D554EEC4}
		{241E9D00-4EBD-4FBA-925C-B1EBED4E8DBF} = {F1CDFDE3-9D5F-406B-9739-FF3623D89645}
		{2584AE13-13AA-47ED-974A-CD9E21F5FC8E} = {241E9D00-4EBD-4FBA-925C-B1EBED4E8DBF}
		{461EA0F3-5C35-4B6C-B8ED-97648AB03D64} = {241E9D00-4EBD-4FBA-925C-B1EBED4E8DBF}
		{713DC694-80AB-4EB8-822D-87D64E7E86EA} = {F1CDFDE3-9D5F-406B-9739-FF3623D89645}
		{C9C16448-3C3F-4F23-8652-4EA458D88D97} = {713DC694-80AB-4EB8-822D-87D64E7E86EA}
		{A30659F7-F73E-4F0B-9D75-DFBBC5CDC085} = {713DC694-80AB-4EB8-822D-87D64E7E86EA}
		{5EC8FAE1-84F7-4041-AB6E-D05E427A24D7} = {F1CDFDE3-9D5F-406B-9739-FF3623D89645}
		{143D8D13-3D05-4BAC-8CD5-78C04011E3F7} = {5EC8FAE1-84F7-4041-AB6E-D05E427A24D7}
		{64969B4A-53AB-4847-8BBE-5E98043F7796} = {5EC8FAE1-84F7-4041-AB6E-D05E427A24D7}
		{2D070235-D45B-4BA2-B087-FFBF3EDBC352} = {F1CDFDE3-9D5F-406B-9739-FF3623D89645}
		{60047868-A485-411E-832F-1D9B2B902873} = {2D070235-D45B-4BA2-B087-FFBF3EDBC352}
		{19CF37E8-2889-434D-A7CE-4E33CE752A6F} = {2D070235-D45B-4BA2-B087-FFBF3EDBC352}
		{B40EBAFD-9D3A-4E6F-9BFB-BFC8B7F7B205} = {F1CDFDE3-9D5F-406B-9739-FF3623D89645}
		{09442F07-0F0B-469C-AD8B-3DEAEE982AD4} = {B40EBAFD-9D3A-4E6F-9BFB-BFC8B7F7B205}
		{1D64AB87-6CFA-4E6C-81CA-D987DB88ADCB} = {B40EBAFD-9D3A-4E6F-9BFB-BFC8B7F7B205}
		{3B22BA9B-CF3F-4BD7-9EB1-3FE2D82664CC} = {F1CDFDE3-9D5F-406B-9739-FF3623D89645}
		{B591A886-3733-4F21-ABBE-662B72F40847} = {3B22BA9B-CF3F-4BD7-9EB1-3FE2D82664CC}
		{C053C78C-3C3B-40B1-9DA0-E48656C6D6C1} = {3B22BA9B-CF3F-4BD7-9EB1-3FE2D82664CC}
		{D0585740-14AC-4922-9C57-A99C9B19836A} = {C5243678-105E-4377-A6C9-7F89ECA53FA3}
		{AD555A41-51CB-4737-9085-207A749963F8} = {F1CDFDE3-9D5F-406B-9739-FF3623D89645}
		{73A3EEC1-BD5A-4640-8058-AC0BDFA80880} = {AD555A41-51CB-4737-9085-207A749963F8}
		{7305AFE8-51FA-4278-9F60-9CC4B0EB1799} = {AD555A41-51CB-4737-9085-207A749963F8}
		{E6DF9FE1-ECC2-43F9-ADBB-F8AEF27EEBCC} = {1514D251-0DF0-46C5-A527-F558D554EEC4}
		{36649D1A-CB6A-4E5B-AB9E-864C9CC609DA} = {E6DF9FE1-ECC2-43F9-ADBB-F8AEF27EEBCC}
		{AA5C050C-14E2-4A45-933C-7A51E12DD721} = {C5243678-105E-4377-A6C9-7F89ECA53FA3}
		{084D2CF6-9771-4042-AF32-FC5D5DF8674C} = {C5243678-105E-4377-A6C9-7F89ECA53FA3}
		{36D8183A-0B56-464D-8168-B3477EE5B5DE} = {5EC8FAE1-84F7-4041-AB6E-D05E427A24D7}
		{4827EEA1-2D6E-4ACA-A8C9-E5021F572788} = {5EC8FAE1-84F7-4041-AB6E-D05E427A24D7}
	EndGlobalSection
EndGlobal
