
Microsoft Visual Studio Solution File, Format Version 12.00
# Visual Studio 15
VisualStudioVersion = 15.0.26124.0
MinimumVisualStudioVersion = 15.0.26124.0
Project("{2150E333-8FDC-42A3-9474-1A3956D46DE8}") = "src", "src", "{C1D63F9C-5285-415F-B11F-2CCC5507BAE1}"
EndProject
Project("{FAE04EC0-301F-11D3-BF4B-00C04F79EFBC}") = "Product.Domain", "src\Product.Domain\Product.Domain.csproj", "{FB5EF15B-E7CD-4B98-B3E6-188CD076EACE}"
EndProject
Project("{FAE04EC0-301F-11D3-BF4B-00C04F79EFBC}") = "Product.Contract", "src\Product.Contract\Product.Contract.csproj", "{AFE5D188-9CC3-4949-AE7D-9D7D11458892}"
EndProject
Project("{FAE04EC0-301F-11D3-BF4B-00C04F79EFBC}") = "Product.WebApi", "src\Product.WebApi\Product.WebApi.csproj", "{30853D1C-92DD-4216-BECA-FDF1DD2B5D82}"
EndProject
Project("{FAE04EC0-301F-11D3-BF4B-00C04F79EFBC}") = "Shared.Infrastructure", "..\shared\src\Shared.Infrastructure\Shared.Infrastructure.csproj", "{CBEB68DA-B96F-4481-B97A-7E7789EB888A}"
EndProject
Global
	GlobalSection(SolutionConfigurationPlatforms) = preSolution
		Debug|Any CPU = Debug|Any CPU
		Debug|x64 = Debug|x64
		Debug|x86 = Debug|x86
		Release|Any CPU = Release|Any CPU
		Release|x64 = Release|x64
		Release|x86 = Release|x86
	EndGlobalSection
	GlobalSection(SolutionProperties) = preSolution
		HideSolutionNode = FALSE
	EndGlobalSection
	GlobalSection(ProjectConfigurationPlatforms) = postSolution
		{FB5EF15B-E7CD-4B98-B3E6-188CD076EACE}.Debug|Any CPU.ActiveCfg = Debug|Any CPU
		{FB5EF15B-E7CD-4B98-B3E6-188CD076EACE}.Debug|Any CPU.Build.0 = Debug|Any CPU
		{FB5EF15B-E7CD-4B98-B3E6-188CD076EACE}.Debug|x64.ActiveCfg = Debug|Any CPU
		{FB5EF15B-E7CD-4B98-B3E6-188CD076EACE}.Debug|x64.Build.0 = Debug|Any CPU
		{FB5EF15B-E7CD-4B98-B3E6-188CD076EACE}.Debug|x86.ActiveCfg = Debug|Any CPU
		{FB5EF15B-E7CD-4B98-B3E6-188CD076EACE}.Debug|x86.Build.0 = Debug|Any CPU
		{FB5EF15B-E7CD-4B98-B3E6-188CD076EACE}.Release|Any CPU.ActiveCfg = Release|Any CPU
		{FB5EF15B-E7CD-4B98-B3E6-188CD076EACE}.Release|Any CPU.Build.0 = Release|Any CPU
		{FB5EF15B-E7CD-4B98-B3E6-188CD076EACE}.Release|x64.ActiveCfg = Release|Any CPU
		{FB5EF15B-E7CD-4B98-B3E6-188CD076EACE}.Release|x64.Build.0 = Release|Any CPU
		{FB5EF15B-E7CD-4B98-B3E6-188CD076EACE}.Release|x86.ActiveCfg = Release|Any CPU
		{FB5EF15B-E7CD-4B98-B3E6-188CD076EACE}.Release|x86.Build.0 = Release|Any CPU
		{AFE5D188-9CC3-4949-AE7D-9D7D11458892}.Debug|Any CPU.ActiveCfg = Debug|Any CPU
		{AFE5D188-9CC3-4949-AE7D-9D7D11458892}.Debug|Any CPU.Build.0 = Debug|Any CPU
		{AFE5D188-9CC3-4949-AE7D-9D7D11458892}.Debug|x64.ActiveCfg = Debug|Any CPU
		{AFE5D188-9CC3-4949-AE7D-9D7D11458892}.Debug|x64.Build.0 = Debug|Any CPU
		{AFE5D188-9CC3-4949-AE7D-9D7D11458892}.Debug|x86.ActiveCfg = Debug|Any CPU
		{AFE5D188-9CC3-4949-AE7D-9D7D11458892}.Debug|x86.Build.0 = Debug|Any CPU
		{AFE5D188-9CC3-4949-AE7D-9D7D11458892}.Release|Any CPU.ActiveCfg = Release|Any CPU
		{AFE5D188-9CC3-4949-AE7D-9D7D11458892}.Release|Any CPU.Build.0 = Release|Any CPU
		{AFE5D188-9CC3-4949-AE7D-9D7D11458892}.Release|x64.ActiveCfg = Release|Any CPU
		{AFE5D188-9CC3-4949-AE7D-9D7D11458892}.Release|x64.Build.0 = Release|Any CPU
		{AFE5D188-9CC3-4949-AE7D-9D7D11458892}.Release|x86.ActiveCfg = Release|Any CPU
		{AFE5D188-9CC3-4949-AE7D-9D7D11458892}.Release|x86.Build.0 = Release|Any CPU
		{30853D1C-92DD-4216-BECA-FDF1DD2B5D82}.Debug|Any CPU.ActiveCfg = Debug|Any CPU
		{30853D1C-92DD-4216-BECA-FDF1DD2B5D82}.Debug|Any CPU.Build.0 = Debug|Any CPU
		{30853D1C-92DD-4216-BECA-FDF1DD2B5D82}.Debug|x64.ActiveCfg = Debug|Any CPU
		{30853D1C-92DD-4216-BECA-FDF1DD2B5D82}.Debug|x64.Build.0 = Debug|Any CPU
		{30853D1C-92DD-4216-BECA-FDF1DD2B5D82}.Debug|x86.ActiveCfg = Debug|Any CPU
		{30853D1C-92DD-4216-BECA-FDF1DD2B5D82}.Debug|x86.Build.0 = Debug|Any CPU
		{30853D1C-92DD-4216-BECA-FDF1DD2B5D82}.Release|Any CPU.ActiveCfg = Release|Any CPU
		{30853D1C-92DD-4216-BECA-FDF1DD2B5D82}.Release|Any CPU.Build.0 = Release|Any CPU
		{30853D1C-92DD-4216-BECA-FDF1DD2B5D82}.Release|x64.ActiveCfg = Release|Any CPU
		{30853D1C-92DD-4216-BECA-FDF1DD2B5D82}.Release|x64.Build.0 = Release|Any CPU
		{30853D1C-92DD-4216-BECA-FDF1DD2B5D82}.Release|x86.ActiveCfg = Release|Any CPU
		{30853D1C-92DD-4216-BECA-FDF1DD2B5D82}.Release|x86.Build.0 = Release|Any CPU
		{CBEB68DA-B96F-4481-B97A-7E7789EB888A}.Debug|Any CPU.ActiveCfg = Debug|Any CPU
		{CBEB68DA-B96F-4481-B97A-7E7789EB888A}.Debug|Any CPU.Build.0 = Debug|Any CPU
		{CBEB68DA-B96F-4481-B97A-7E7789EB888A}.Debug|x64.ActiveCfg = Debug|Any CPU
		{CBEB68DA-B96F-4481-B97A-7E7789EB888A}.Debug|x64.Build.0 = Debug|Any CPU
		{CBEB68DA-B96F-4481-B97A-7E7789EB888A}.Debug|x86.ActiveCfg = Debug|Any CPU
		{CBEB68DA-B96F-4481-B97A-7E7789EB888A}.Debug|x86.Build.0 = Debug|Any CPU
		{CBEB68DA-B96F-4481-B97A-7E7789EB888A}.Release|Any CPU.ActiveCfg = Release|Any CPU
		{CBEB68DA-B96F-4481-B97A-7E7789EB888A}.Release|Any CPU.Build.0 = Release|Any CPU
		{CBEB68DA-B96F-4481-B97A-7E7789EB888A}.Release|x64.ActiveCfg = Release|Any CPU
		{CBEB68DA-B96F-4481-B97A-7E7789EB888A}.Release|x64.Build.0 = Release|Any CPU
		{CBEB68DA-B96F-4481-B97A-7E7789EB888A}.Release|x86.ActiveCfg = Release|Any CPU
		{CBEB68DA-B96F-4481-B97A-7E7789EB888A}.Release|x86.Build.0 = Release|Any CPU
	EndGlobalSection
	GlobalSection(NestedProjects) = preSolution
		{FB5EF15B-E7CD-4B98-B3E6-188CD076EACE} = {C1D63F9C-5285-415F-B11F-2CCC5507BAE1}
		{AFE5D188-9CC3-4949-AE7D-9D7D11458892} = {C1D63F9C-5285-415F-B11F-2CCC5507BAE1}
		{30853D1C-92DD-4216-BECA-FDF1DD2B5D82} = {C1D63F9C-5285-415F-B11F-2CCC5507BAE1}
	EndGlobalSection
EndGlobal
